{
  "nodes": {
    "home-manager": {
      "inputs": {
        "nixpkgs": [
          "nixpkgs"
        ]
      },
      "locked": {
        "lastModified": 1685599623,
        "narHash": "sha256-Tob4CMOVHue0D3RzguDBCtUmX5ji2PsdbQDbIOIKvsc=",
        "owner": "nix-community",
        "repo": "home-manager",
        "rev": "93db05480c0c0f30382d3e80779e8386dcb4f9dd",
        "type": "github"
      },
      "original": {
        "owner": "nix-community",
        "ref": "release-23.05",
        "repo": "home-manager",
        "type": "github"
      }
    },
    "nix-ld": {
      "inputs": {
        "nixpkgs": [
          "unstable"
        ],
        "utils": "utils"
      },
      "locked": {
        "lastModified": 1682533818,
        "narHash": "sha256-2Fzjk3jL7rlyLjPKWy05zU8SGm04M3mbzohk51vkw3Y=",
        "owner": "Mic92",
        "repo": "nix-ld",
        "rev": "29f15b1f7e37810689974ef169496c51f6403a1b",
        "type": "github"
      },
      "original": {
        "owner": "Mic92",
        "repo": "nix-ld",
        "type": "github"
      }
    },
    "nixlib": {
      "locked": {
        "lastModified": 1685840432,
        "narHash": "sha256-VJIbiKsY7Xy4E4WcgwUt/UiwYDmN5BAk8tngAjcWsqY=",
        "owner": "nix-community",
        "repo": "nixpkgs.lib",
        "rev": "961e99baaaa57f5f7042fe7ce089a88786c839f4",
        "type": "github"
      },
      "original": {
        "owner": "nix-community",
        "repo": "nixpkgs.lib",
        "type": "github"
      }
    },
    "nixos-generators": {
      "inputs": {
        "nixlib": "nixlib",
        "nixpkgs": [
          "nixpkgs"
        ]
      },
      "locked": {
        "lastModified": 1685943944,
        "narHash": "sha256-GpaQwOkvwkmSWxvWaZqbMKyyOSaBAwgdEcHCqLW/240=",
        "owner": "nix-community",
        "repo": "nixos-generators",
        "rev": "122dcc32cadf14c5015aa021fae8882c5058263a",
        "type": "github"
      },
      "original": {
        "owner": "nix-community",
        "repo": "nixos-generators",
        "type": "github"
      }
    },
    "nixos-hardware": {
      "locked": {
        "lastModified": 1686217350,
        "narHash": "sha256-Nb9b3m/GEK8jyFsYfUkXGsqj6rH05GgJ2QWcNNbK7dw=",
        "owner": "nixos",
        "repo": "nixos-hardware",
        "rev": "e4b34b90f27696ec3965fa15dcbacc351293dc67",
        "type": "github"
      },
      "original": {
        "owner": "nixos",
        "repo": "nixos-hardware",
        "type": "github"
      }
    },
    "nixpkgs": {
      "locked": {
        "lastModified": 1686059680,
        "narHash": "sha256-sp0WlCIeVczzB0G8f8iyRg3IYW7KG31mI66z7HIZwrI=",
        "owner": "nixos",
        "repo": "nixpkgs",
        "rev": "a558f7ac29f50c4b937fb5c102f587678ae1c9fb",
        "type": "github"
      },
      "original": {
        "owner": "nixos",
        "ref": "nixos-23.05",
        "repo": "nixpkgs",
        "type": "github"
      }
    },
    "root": {
      "inputs": {
        "home-manager": "home-manager",
        "nix-ld": "nix-ld",
        "nixos-generators": "nixos-generators",
        "nixos-hardware": "nixos-hardware",
        "nixpkgs": "nixpkgs",
        "unstable": "unstable"
      }
    },
    "unstable": {
      "locked": {
        "lastModified": 1684215771,
        "narHash": "sha256-fsum28z+g18yreNa1Y7MPo9dtps5h1VkHfZbYQ+YPbk=",
        "owner": "nixos",
        "repo": "nixpkgs",
        "rev": "963006aab35e3e8ebbf6052b6bf4ea712fdd3c28",
        "type": "github"
      },
      "original": {
        "owner": "nixos",
        "ref": "nixos-unstable",
        "repo": "nixpkgs",
        "type": "github"
      }
    },
    "utils": {
      "locked": {
        "lastModified": 1667395993,
        "narHash": "sha256-nuEHfE/LcWyuSWnS8t12N1wc105Qtau+/OdUAjtQ0rA=",
        "owner": "numtide",
        "repo": "flake-utils",
        "rev": "5aed5285a952e0b949eb3ba02c12fa4fcfef535f",
        "type": "github"
      },
      "original": {
        "owner": "numtide",
        "repo": "flake-utils",
        "type": "github"
      }
    }
  },
  "root": "root",
  "version": 7
}
